PODS:
  - IHProgressHUD (0.1.6)
  - ReachabilitySwift (5.0.0)
  - SDWebImage (5.13.2):
    - SDWebImage/Core (= 5.13.2)
  - SDWebImage/Core (5.13.2)

DEPENDENCIES:
  - IHProgressHUD (from `https://github.com/Swiftify-Corp/IHProgressHUD.git`)
  - ReachabilitySwift
  - SDWebImage

SPEC REPOS:
  trunk:
    - ReachabilitySwift
    - SDWebImage

EXTERNAL SOURCES:
  IHProgressHUD:
    :git: https://github.com/Swiftify-Corp/IHProgressHUD.git

CHECKOUT OPTIONS:
  IHProgressHUD:
    :commit: 516a4102f01425a3a3d5f7be397986da93ebd09a
    :git: https://github.com/Swiftify-Corp/IHProgressHUD.git

SPEC CHECKSUMS:
  IHProgressHUD: 3f7d9ff28d4c339d50fce7c32daa26ddfefd8703
  ReachabilitySwift: 985039c6f7b23a1da463388634119492ff86c825
  SDWebImage: 72f86271a6f3139cc7e4a89220946489d4b9a866

PODFILE CHECKSUM: 770988d880fb2a558149f1edec68670b03ff1496

COCOAPODS: 1.11.3
